
Microsoft Visual Studio Solution File, Format Version 12.00
# Visual Studio Version 17
VisualStudioVersion = 17.9.34714.143
MinimumVisualStudioVersion = 10.0.40219.1
Project("{FAE04EC0-301F-11D3-BF4B-00C04F79EFBC}") = "PContatos0030482413011", "PContatos0030482413011\PContatos0030482413011.csproj", "{FDA8F2CF-EEEA-4921-AA3E-836DE010F872}"
EndProject
Global
	GlobalSection(SolutionConfigurationPlatforms) = preSolution
		Debug|Any CPU = Debug|Any CPU
		Release|Any CPU = Release|Any CPU
	EndGlobalSection
	GlobalSection(ProjectConfigurationPlatforms) = postSolution
		{FDA8F2CF-EEEA-4921-AA3E-836DE010F872}.Debug|Any CPU.ActiveCfg = Debug|Any CPU
		{FDA8F2CF-EEEA-4921-AA3E-836DE010F872}.Debug|Any CPU.Build.0 = Debug|Any CPU
		{FDA8F2CF-EEEA-4921-AA3E-836DE010F872}.Release|Any CPU.ActiveCfg = Release|Any CPU
		{FDA8F2CF-EEEA-4921-AA3E-836DE010F872}.Release|Any CPU.Build.0 = Release|Any CPU
	EndGlobalSection
	GlobalSection(SolutionProperties) = preSolution
		HideSolutionNode = FALSE
	EndGlobalSection
	GlobalSection(ExtensibilityGlobals) = postSolution
		SolutionGuid = {3B6DA40C-1B3B-4028-94C5-80429EB775A0}
	EndGlobalSection
EndGlobal
